
Microsoft Visual Studio Solution File, Format Version 12.00
Project("{FAE04EC0-301F-11D3-BF4B-00C04F79EFBC}") = "IWLP.SecchiSensorSystem", "IWLP.SecchiSensorSystem\IWLP.SecchiSensorSystem.csproj", "{93694D61-525F-4260-8E1B-9E66716A5FBE}"
EndProject
Global
	GlobalSection(SolutionConfigurationPlatforms) = preSolution
		Debug|Any CPU = Debug|Any CPU
		Release|Any CPU = Release|Any CPU
	EndGlobalSection
	GlobalSection(ProjectConfigurationPlatforms) = postSolution
		{93694D61-525F-4260-8E1B-9E66716A5FBE}.Debug|Any CPU.ActiveCfg = Debug|Any CPU
		{93694D61-525F-4260-8E1B-9E66716A5FBE}.Debug|Any CPU.Build.0 = Debug|Any CPU
		{93694D61-525F-4260-8E1B-9E66716A5FBE}.Release|Any CPU.ActiveCfg = Release|Any CPU
		{93694D61-525F-4260-8E1B-9E66716A5FBE}.Release|Any CPU.Build.0 = Release|Any CPU
	EndGlobalSection
EndGlobal
